// !$*UTF8*$!
{
	archiveVersion = 1;
	classes = {
	};
	objectVersion = 56;
	objects = {

/* Begin PBXBuildFile section */
		4B17D7452B07B75C009304A8 /* NewMessageView.swift in Sources */ = {isa = PBXBuildFile; fileRef = 4B17D7442B07B75C009304A8 /* NewMessageView.swift */; };
		4B17D7482B08B17E009304A8 /* ProfileView.swift in Sources */ = {isa = PBXBuildFile; fileRef = 4B17D7472B08B17E009304A8 /* ProfileView.swift */; };
		4B17D74C2B08B36C009304A8 /* SettingsOptionsViewModel.swift in Sources */ = {isa = PBXBuildFile; fileRef = 4B17D74B2B08B36C009304A8 /* SettingsOptionsViewModel.swift */; };
		4B17D74E2B08B925009304A8 /* ProfileViewModel.swift in Sources */ = {isa = PBXBuildFile; fileRef = 4B17D74D2B08B925009304A8 /* ProfileViewModel.swift */; };
		4B5457A12B0798020052BCEA /* SchwietzMessageApp.swift in Sources */ = {isa = PBXBuildFile; fileRef = 4B5457A02B0798020052BCEA /* SchwietzMessageApp.swift */; };
		4B5457A32B0798020052BCEA /* ContentView.swift in Sources */ = {isa = PBXBuildFile; fileRef = 4B5457A22B0798020052BCEA /* ContentView.swift */; };
		4B5457A52B0798040052BCEA /* Assets.xcassets in Resources */ = {isa = PBXBuildFile; fileRef = 4B5457A42B0798040052BCEA /* Assets.xcassets */; };
		4B5457A82B0798040052BCEA /* Preview Assets.xcassets in Resources */ = {isa = PBXBuildFile; fileRef = 4B5457A72B0798040052BCEA /* Preview Assets.xcassets */; };
		4B5457B72B0798630052BCEA /* LoginView.swift in Sources */ = {isa = PBXBuildFile; fileRef = 4B5457B62B0798630052BCEA /* LoginView.swift */; };
		4B5457BA2B07A1550052BCEA /* SignupView.swift in Sources */ = {isa = PBXBuildFile; fileRef = 4B5457B92B07A1550052BCEA /* SignupView.swift */; };
		4B5457BF2B07AF860052BCEA /* InboxView.swift in Sources */ = {isa = PBXBuildFile; fileRef = 4B5457BE2B07AF860052BCEA /* InboxView.swift */; };
		4B5457C22B07B0B20052BCEA /* ActiveNowView.swift in Sources */ = {isa = PBXBuildFile; fileRef = 4B5457C12B07B0B20052BCEA /* ActiveNowView.swift */; };
		4B5457C52B07B2630052BCEA /* InboxRowView.swift in Sources */ = {isa = PBXBuildFile; fileRef = 4B5457C42B07B2630052BCEA /* InboxRowView.swift */; };
		4BB5C90F2B0BAD710094191F /* User.swift in Sources */ = {isa = PBXBuildFile; fileRef = 4BB5C90E2B0BAD710094191F /* User.swift */; };
		4BB5C9122B0BB13E0094191F /* CircularProfileImageView.swift in Sources */ = {isa = PBXBuildFile; fileRef = 4BB5C9112B0BB13E0094191F /* CircularProfileImageView.swift */; };
/* End PBXBuildFile section */

/* Begin PBXFileReference section */
		4B17D7442B07B75C009304A8 /* NewMessageView.swift */ = {isa = PBXFileReference; lastKnownFileType = sourcecode.swift; path = NewMessageView.swift; sourceTree = "<group>"; };
		4B17D7472B08B17E009304A8 /* ProfileView.swift */ = {isa = PBXFileReference; lastKnownFileType = sourcecode.swift; path = ProfileView.swift; sourceTree = "<group>"; };
		4B17D74B2B08B36C009304A8 /* SettingsOptionsViewModel.swift */ = {isa = PBXFileReference; lastKnownFileType = sourcecode.swift; path = SettingsOptionsViewModel.swift; sourceTree = "<group>"; };
		4B17D74D2B08B925009304A8 /* ProfileViewModel.swift */ = {isa = PBXFileReference; lastKnownFileType = sourcecode.swift; path = ProfileViewModel.swift; sourceTree = "<group>"; };
		4B17D74F2B08BDB0009304A8 /* README.md */ = {isa = PBXFileReference; lastKnownFileType = net.daringfireball.markdown; path = README.md; sourceTree = "<group>"; };
		4B54579D2B0798020052BCEA /* SchwietzMessage.app */ = {isa = PBXFileReference; explicitFileType = wrapper.application; includeInIndex = 0; path = SchwietzMessage.app; sourceTree = BUILT_PRODUCTS_DIR; };
		4B5457A02B0798020052BCEA /* SchwietzMessageApp.swift */ = {isa = PBXFileReference; lastKnownFileType = sourcecode.swift; path = SchwietzMessageApp.swift; sourceTree = "<group>"; };
		4B5457A22B0798020052BCEA /* ContentView.swift */ = {isa = PBXFileReference; lastKnownFileType = sourcecode.swift; path = ContentView.swift; sourceTree = "<group>"; };
		4B5457A42B0798040052BCEA /* Assets.xcassets */ = {isa = PBXFileReference; lastKnownFileType = folder.assetcatalog; path = Assets.xcassets; sourceTree = "<group>"; };
		4B5457A72B0798040052BCEA /* Preview Assets.xcassets */ = {isa = PBXFileReference; lastKnownFileType = folder.assetcatalog; path = "Preview Assets.xcassets"; sourceTree = "<group>"; };
		4B5457B62B0798630052BCEA /* LoginView.swift */ = {isa = PBXFileReference; lastKnownFileType = sourcecode.swift; path = LoginView.swift; sourceTree = "<group>"; };
		4B5457B92B07A1550052BCEA /* SignupView.swift */ = {isa = PBXFileReference; lastKnownFileType = sourcecode.swift; path = SignupView.swift; sourceTree = "<group>"; };
		4B5457BE2B07AF860052BCEA /* InboxView.swift */ = {isa = PBXFileReference; lastKnownFileType = sourcecode.swift; path = InboxView.swift; sourceTree = "<group>"; };
		4B5457C12B07B0B20052BCEA /* ActiveNowView.swift */ = {isa = PBXFileReference; lastKnownFileType = sourcecode.swift; path = ActiveNowView.swift; sourceTree = "<group>"; };
		4B5457C42B07B2630052BCEA /* InboxRowView.swift */ = {isa = PBXFileReference; lastKnownFileType = sourcecode.swift; path = InboxRowView.swift; sourceTree = "<group>"; };
		4BB5C90E2B0BAD710094191F /* User.swift */ = {isa = PBXFileReference; lastKnownFileType = sourcecode.swift; path = User.swift; sourceTree = "<group>"; };
		4BB5C9112B0BB13E0094191F /* CircularProfileImageView.swift */ = {isa = PBXFileReference; lastKnownFileType = sourcecode.swift; path = CircularProfileImageView.swift; sourceTree = "<group>"; };
/* End PBXFileReference section */

/* Begin PBXFrameworksBuildPhase section */
		4B54579A2B0798020052BCEA /* Frameworks */ = {
			isa = PBXFrameworksBuildPhase;
			buildActionMask = 2147483647;
			files = (
			);
			runOnlyForDeploymentPostprocessing = 0;
		};
/* End PBXFrameworksBuildPhase section */

/* Begin PBXGroup section */
		4B17D7432B07B750009304A8 /* NewMessage */ = {
			isa = PBXGroup;
			children = (
				4B17D7442B07B75C009304A8 /* NewMessageView.swift */,
			);
			path = NewMessage;
			sourceTree = "<group>";
		};
		4B17D7462B08B15F009304A8 /* Profile */ = {
			isa = PBXGroup;
			children = (
				4B17D74A2B08B1F1009304A8 /* ViewModel */,
				4B17D7492B08B1EA009304A8 /* View */,
			);
			path = Profile;
			sourceTree = "<group>";
		};
		4B17D7492B08B1EA009304A8 /* View */ = {
			isa = PBXGroup;
			children = (
				4B17D7472B08B17E009304A8 /* ProfileView.swift */,
			);
			path = View;
			sourceTree = "<group>";
		};
		4B17D74A2B08B1F1009304A8 /* ViewModel */ = {
			isa = PBXGroup;
			children = (
				4B17D74B2B08B36C009304A8 /* SettingsOptionsViewModel.swift */,
				4B17D74D2B08B925009304A8 /* ProfileViewModel.swift */,
			);
			path = ViewModel;
			sourceTree = "<group>";
		};
		4B5457942B0798020052BCEA = {
			isa = PBXGroup;
			children = (
				4B17D74F2B08BDB0009304A8 /* README.md */,
				4B54579F2B0798020052BCEA /* SchwietzMessage */,
				4B54579E2B0798020052BCEA /* Products */,
			);
			sourceTree = "<group>";
		};
		4B54579E2B0798020052BCEA /* Products */ = {
			isa = PBXGroup;
			children = (
				4B54579D2B0798020052BCEA /* SchwietzMessage.app */,
			);
			name = Products;
			sourceTree = "<group>";
		};
		4B54579F2B0798020052BCEA /* SchwietzMessage */ = {
			isa = PBXGroup;
			children = (
				4B5457B22B0798240052BCEA /* Extensions */,
				4B5457B12B07981E0052BCEA /* Service */,
				4B5457B02B0798190052BCEA /* Model */,
				4B5457AF2B0798140052BCEA /* Core */,
				4B5457AE2B07980D0052BCEA /* App */,
				4B5457A42B0798040052BCEA /* Assets.xcassets */,
				4B5457A62B0798040052BCEA /* Preview Content */,
			);
			path = SchwietzMessage;
			sourceTree = "<group>";
		};
		4B5457A62B0798040052BCEA /* Preview Content */ = {
			isa = PBXGroup;
			children = (
				4B5457A72B0798040052BCEA /* Preview Assets.xcassets */,
			);
			path = "Preview Content";
			sourceTree = "<group>";
		};
		4B5457AE2B07980D0052BCEA /* App */ = {
			isa = PBXGroup;
			children = (
				4B5457A02B0798020052BCEA /* SchwietzMessageApp.swift */,
			);
			path = App;
			sourceTree = "<group>";
		};
		4B5457AF2B0798140052BCEA /* Core */ = {
			isa = PBXGroup;
			children = (
				4BB5C9102B0BB12B0094191F /* Components */,
				4B17D7462B08B15F009304A8 /* Profile */,
				4B5457B32B0798420052BCEA /* Authentication */,
				4B5457BD2B07AF780052BCEA /* Inbox */,
				4B5457B42B07984A0052BCEA /* Root */,
			);
			path = Core;
			sourceTree = "<group>";
		};
		4B5457B02B0798190052BCEA /* Model */ = {
			isa = PBXGroup;
			children = (
				4BB5C90E2B0BAD710094191F /* User.swift */,
			);
			path = Model;
			sourceTree = "<group>";
		};
		4B5457B12B07981E0052BCEA /* Service */ = {
			isa = PBXGroup;
			children = (
			);
			path = Service;
			sourceTree = "<group>";
		};
		4B5457B22B0798240052BCEA /* Extensions */ = {
			isa = PBXGroup;
			children = (
			);
			path = Extensions;
			sourceTree = "<group>";
		};
		4B5457B32B0798420052BCEA /* Authentication */ = {
			isa = PBXGroup;
			children = (
				4B5457B52B0798560052BCEA /* View */,
			);
			path = Authentication;
			sourceTree = "<group>";
		};
		4B5457B42B07984A0052BCEA /* Root */ = {
			isa = PBXGroup;
			children = (
				4B5457A22B0798020052BCEA /* ContentView.swift */,
			);
			path = Root;
			sourceTree = "<group>";
		};
		4B5457B52B0798560052BCEA /* View */ = {
			isa = PBXGroup;
			children = (
				4B5457B62B0798630052BCEA /* LoginView.swift */,
				4B5457B92B07A1550052BCEA /* SignupView.swift */,
			);
			path = View;
			sourceTree = "<group>";
		};
		4B5457BD2B07AF780052BCEA /* Inbox */ = {
			isa = PBXGroup;
			children = (
				4B17D7432B07B750009304A8 /* NewMessage */,
				4B5457C32B07B25A0052BCEA /* InboxRow */,
				4B5457C02B07B0A80052BCEA /* ActiveNow */,
				4B5457BE2B07AF860052BCEA /* InboxView.swift */,
			);
			path = Inbox;
			sourceTree = "<group>";
		};
		4B5457C02B07B0A80052BCEA /* ActiveNow */ = {
			isa = PBXGroup;
			children = (
				4B5457C12B07B0B20052BCEA /* ActiveNowView.swift */,
			);
			path = ActiveNow;
			sourceTree = "<group>";
		};
		4B5457C32B07B25A0052BCEA /* InboxRow */ = {
			isa = PBXGroup;
			children = (
				4B5457C42B07B2630052BCEA /* InboxRowView.swift */,
			);
			path = InboxRow;
			sourceTree = "<group>";
		};
		4BB5C9102B0BB12B0094191F /* Components */ = {
			isa = PBXGroup;
			children = (
				4BB5C9112B0BB13E0094191F /* CircularProfileImageView.swift */,
			);
			path = Components;
			sourceTree = "<group>";
		};
/* End PBXGroup section */

/* Begin PBXNativeTarget section */
		4B54579C2B0798020052BCEA /* SchwietzMessage */ = {
			isa = PBXNativeTarget;
			buildConfigurationList = 4B5457AB2B0798040052BCEA /* Build configuration list for PBXNativeTarget "SchwietzMessage" */;
			buildPhases = (
				4B5457992B0798020052BCEA /* Sources */,
				4B54579A2B0798020052BCEA /* Frameworks */,
				4B54579B2B0798020052BCEA /* Resources */,
			);
			buildRules = (
			);
			dependencies = (
			);
			name = SchwietzMessage;
			productName = SchwietzMessage;
			productReference = 4B54579D2B0798020052BCEA /* SchwietzMessage.app */;
			productType = "com.apple.product-type.application";
		};
/* End PBXNativeTarget section */

/* Begin PBXProject section */
		4B5457952B0798020052BCEA /* Project object */ = {
			isa = PBXProject;
			attributes = {
				BuildIndependentTargetsInParallel = 1;
				LastSwiftUpdateCheck = 1500;
				LastUpgradeCheck = 1500;
				TargetAttributes = {
					4B54579C2B0798020052BCEA = {
						CreatedOnToolsVersion = 15.0.1;
					};
				};
			};
			buildConfigurationList = 4B5457982B0798020052BCEA /* Build configuration list for PBXProject "SchwietzMessage" */;
			compatibilityVersion = "Xcode 14.0";
			developmentRegion = en;
			hasScannedForEncodings = 0;
			knownRegions = (
				en,
				Base,
			);
			mainGroup = 4B5457942B0798020052BCEA;
			productRefGroup = 4B54579E2B0798020052BCEA /* Products */;
			projectDirPath = "";
			projectRoot = "";
			targets = (
				4B54579C2B0798020052BCEA /* SchwietzMessage */,
			);
		};
/* End PBXProject section */

/* Begin PBXResourcesBuildPhase section */
		4B54579B2B0798020052BCEA /* Resources */ = {
			isa = PBXResourcesBuildPhase;
			buildActionMask = 2147483647;
			files = (
				4B5457A82B0798040052BCEA /* Preview Assets.xcassets in Resources */,
				4B5457A52B0798040052BCEA /* Assets.xcassets in Resources */,
			);
			runOnlyForDeploymentPostprocessing = 0;
		};
/* End PBXResourcesBuildPhase section */

/* Begin PBXSourcesBuildPhase section */
		4B5457992B0798020052BCEA /* Sources */ = {
			isa = PBXSourcesBuildPhase;
			buildActionMask = 2147483647;
			files = (
				4B5457C52B07B2630052BCEA /* InboxRowView.swift in Sources */,
				4B17D7482B08B17E009304A8 /* ProfileView.swift in Sources */,
				4B17D7452B07B75C009304A8 /* NewMessageView.swift in Sources */,
				4B5457BA2B07A1550052BCEA /* SignupView.swift in Sources */,
				4B5457B72B0798630052BCEA /* LoginView.swift in Sources */,
				4BB5C9122B0BB13E0094191F /* CircularProfileImageView.swift in Sources */,
				4B5457BF2B07AF860052BCEA /* InboxView.swift in Sources */,
				4B5457C22B07B0B20052BCEA /* ActiveNowView.swift in Sources */,
				4B17D74E2B08B925009304A8 /* ProfileViewModel.swift in Sources */,
				4BB5C90F2B0BAD710094191F /* User.swift in Sources */,
				4B5457A32B0798020052BCEA /* ContentView.swift in Sources */,
				4B17D74C2B08B36C009304A8 /* SettingsOptionsViewModel.swift in Sources */,
				4B5457A12B0798020052BCEA /* SchwietzMessageApp.swift in Sources */,
			);
			runOnlyForDeploymentPostprocessing = 0;
		};
/* End PBXSourcesBuildPhase section */

/* Begin XCBuildConfiguration section */
		4B5457A92B0798040052BCEA /* Debug */ = {
			isa = XCBuildConfiguration;
			buildSettings = {
				ALWAYS_SEARCH_USER_PATHS = NO;
				ASSETCATALOG_COMPILER_GENERATE_SWIFT_ASSET_SYMBOL_EXTENSIONS = YES;
				CLANG_ANALYZER_NONNULL = YES;
				CLANG_ANALYZER_NUMBER_OBJECT_CONVERSION = YES_AGGRESSIVE;
				CLANG_CXX_LANGUAGE_STANDARD = "gnu++20";
				CLANG_ENABLE_MODULES = YES;
				CLANG_ENABLE_OBJC_ARC = YES;
				CLANG_ENABLE_OBJC_WEAK = YES;
				CLANG_WARN_BLOCK_CAPTURE_AUTORELEASING = YES;
				CLANG_WARN_BOOL_CONVERSION = YES;
				CLANG_WARN_COMMA = YES;
				CLANG_WARN_CONSTANT_CONVERSION = YES;
				CLANG_WARN_DEPRECATED_OBJC_IMPLEMENTATIONS = YES;
				CLANG_WARN_DIRECT_OBJC_ISA_USAGE = YES_ERROR;
				CLANG_WARN_DOCUMENTATION_COMMENTS = YES;
				CLANG_WARN_EMPTY_BODY = YES;
				CLANG_WARN_ENUM_CONVERSION = YES;
				CLANG_WARN_INFINITE_RECURSION = YES;
				CLANG_WARN_INT_CONVERSION = YES;
				CLANG_WARN_NON_LITERAL_NULL_CONVERSION = YES;
				CLANG_WARN_OBJC_IMPLICIT_RETAIN_SELF = YES;
				CLANG_WARN_OBJC_LITERAL_CONVERSION = YES;
				CLANG_WARN_OBJC_ROOT_CLASS = YES_ERROR;
				CLANG_WARN_QUOTED_INCLUDE_IN_FRAMEWORK_HEADER = YES;
				CLANG_WARN_RANGE_LOOP_ANALYSIS = YES;
				CLANG_WARN_STRICT_PROTOTYPES = YES;
				CLANG_WARN_SUSPICIOUS_MOVE = YES;
				CLANG_WARN_UNGUARDED_AVAILABILITY = YES_AGGRESSIVE;
				CLANG_WARN_UNREACHABLE_CODE = YES;
				CLANG_WARN__DUPLICATE_METHOD_MATCH = YES;
				COPY_PHASE_STRIP = NO;
				DEBUG_INFORMATION_FORMAT = dwarf;
				ENABLE_STRICT_OBJC_MSGSEND = YES;
				ENABLE_TESTABILITY = YES;
				ENABLE_USER_SCRIPT_SANDBOXING = YES;
				GCC_C_LANGUAGE_STANDARD = gnu17;
				GCC_DYNAMIC_NO_PIC = NO;
				GCC_NO_COMMON_BLOCKS = YES;
				GCC_OPTIMIZATION_LEVEL = 0;
				GCC_PREPROCESSOR_DEFINITIONS = (
					"DEBUG=1",
					"$(inherited)",
				);
				GCC_WARN_64_TO_32_BIT_CONVERSION = YES;
				GCC_WARN_ABOUT_RETURN_TYPE = YES_ERROR;
				GCC_WARN_UNDECLARED_SELECTOR = YES;
				GCC_WARN_UNINITIALIZED_AUTOS = YES_AGGRESSIVE;
				GCC_WARN_UNUSED_FUNCTION = YES;
				GCC_WARN_UNUSED_VARIABLE = YES;
				IPHONEOS_DEPLOYMENT_TARGET = 17.0;
				LOCALIZATION_PREFERS_STRING_CATALOGS = YES;
				MTL_ENABLE_DEBUG_INFO = INCLUDE_SOURCE;
				MTL_FAST_MATH = YES;
				ONLY_ACTIVE_ARCH = YES;
				SDKROOT = iphoneos;
				SWIFT_ACTIVE_COMPILATION_CONDITIONS = "DEBUG $(inherited)";
				SWIFT_OPTIMIZATION_LEVEL = "-Onone";
			};
			name = Debug;
		};
		4B5457AA2B0798040052BCEA /* Release */ = {
			isa = XCBuildConfiguration;
			buildSettings = {
				ALWAYS_SEARCH_USER_PATHS = NO;
				ASSETCATALOG_COMPILER_GENERATE_SWIFT_ASSET_SYMBOL_EXTENSIONS = YES;
				CLANG_ANALYZER_NONNULL = YES;
				CLANG_ANALYZER_NUMBER_OBJECT_CONVERSION = YES_AGGRESSIVE;
				CLANG_CXX_LANGUAGE_STANDARD = "gnu++20";
				CLANG_ENABLE_MODULES = YES;
				CLANG_ENABLE_OBJC_ARC = YES;
				CLANG_ENABLE_OBJC_WEAK = YES;
				CLANG_WARN_BLOCK_CAPTURE_AUTORELEASING = YES;
				CLANG_WARN_BOOL_CONVERSION = YES;
				CLANG_WARN_COMMA = YES;
				CLANG_WARN_CONSTANT_CONVERSION = YES;
				CLANG_WARN_DEPRECATED_OBJC_IMPLEMENTATIONS = YES;
				CLANG_WARN_DIRECT_OBJC_ISA_USAGE = YES_ERROR;
				CLANG_WARN_DOCUMENTATION_COMMENTS = YES;
				CLANG_WARN_EMPTY_BODY = YES;
				CLANG_WARN_ENUM_CONVERSION = YES;
				CLANG_WARN_INFINITE_RECURSION = YES;
				CLANG_WARN_INT_CONVERSION = YES;
				CLANG_WARN_NON_LITERAL_NULL_CONVERSION = YES;
				CLANG_WARN_OBJC_IMPLICIT_RETAIN_SELF = YES;
				CLANG_WARN_OBJC_LITERAL_CONVERSION = YES;
				CLANG_WARN_OBJC_ROOT_CLASS = YES_ERROR;
				CLANG_WARN_QUOTED_INCLUDE_IN_FRAMEWORK_HEADER = YES;
				CLANG_WARN_RANGE_LOOP_ANALYSIS = YES;
				CLANG_WARN_STRICT_PROTOTYPES = YES;
				CLANG_WARN_SUSPICIOUS_MOVE = YES;
				CLANG_WARN_UNGUARDED_AVAILABILITY = YES_AGGRESSIVE;
				CLANG_WARN_UNREACHABLE_CODE = YES;
				CLANG_WARN__DUPLICATE_METHOD_MATCH = YES;
				COPY_PHASE_STRIP = NO;
				DEBUG_INFORMATION_FORMAT = "dwarf-with-dsym";
				ENABLE_NS_ASSERTIONS = NO;
				ENABLE_STRICT_OBJC_MSGSEND = YES;
				ENABLE_USER_SCRIPT_SANDBOXING = YES;
				GCC_C_LANGUAGE_STANDARD = gnu17;
				GCC_NO_COMMON_BLOCKS = YES;
				GCC_WARN_64_TO_32_BIT_CONVERSION = YES;
				GCC_WARN_ABOUT_RETURN_TYPE = YES_ERROR;
				GCC_WARN_UNDECLARED_SELECTOR = YES;
				GCC_WARN_UNINITIALIZED_AUTOS = YES_AGGRESSIVE;
				GCC_WARN_UNUSED_FUNCTION = YES;
				GCC_WARN_UNUSED_VARIABLE = YES;
				IPHONEOS_DEPLOYMENT_TARGET = 17.0;
				LOCALIZATION_PREFERS_STRING_CATALOGS = YES;
				MTL_ENABLE_DEBUG_INFO = NO;
				MTL_FAST_MATH = YES;
				SDKROOT = iphoneos;
				SWIFT_COMPILATION_MODE = wholemodule;
				VALIDATE_PRODUCT = YES;
			};
			name = Release;
		};
		4B5457AC2B0798040052BCEA /* Debug */ = {
			isa = XCBuildConfiguration;
			buildSettings = {
				ASSETCATALOG_COMPILER_APPICON_NAME = AppIcon;
				ASSETCATALOG_COMPILER_GLOBAL_ACCENT_COLOR_NAME = AccentColor;
				CODE_SIGN_STYLE = Automatic;
				CURRENT_PROJECT_VERSION = 1;
				DEVELOPMENT_ASSET_PATHS = "\"SchwietzMessage/Preview Content\"";
				DEVELOPMENT_TEAM = Z93V4S588G;
				ENABLE_PREVIEWS = YES;
				GENERATE_INFOPLIST_FILE = YES;
				INFOPLIST_KEY_UIApplicationSceneManifest_Generation = YES;
				INFOPLIST_KEY_UIApplicationSupportsIndirectInputEvents = YES;
				INFOPLIST_KEY_UILaunchScreen_Generation = YES;
				INFOPLIST_KEY_UISupportedInterfaceOrientations_iPad = "UIInterfaceOrientationPortrait UIInterfaceOrientationPortraitUpsideDown UIInterfaceOrientationLandscapeLeft UIInterfaceOrientationLandscapeRight";
				INFOPLIST_KEY_UISupportedInterfaceOrientations_iPhone = "UIInterfaceOrientationPortrait UIInterfaceOrientationLandscapeLeft UIInterfaceOrientationLandscapeRight";
				IPHONEOS_DEPLOYMENT_TARGET = 16.0;
				LD_RUNPATH_SEARCH_PATHS = (
					"$(inherited)",
					"@executable_path/Frameworks",
				);
				MARKETING_VERSION = 1.0;
				PRODUCT_BUNDLE_IDENTIFIER = com.janpschwietzer.SchwietzMessage;
				PRODUCT_NAME = "$(TARGET_NAME)";
				SWIFT_EMIT_LOC_STRINGS = YES;
				SWIFT_VERSION = 5.0;
				TARGETED_DEVICE_FAMILY = "1,2";
			};
			name = Debug;
		};
		4B5457AD2B0798040052BCEA /* Release */ = {
			isa = XCBuildConfiguration;
			buildSettings = {
				ASSETCATALOG_COMPILER_APPICON_NAME = AppIcon;
				ASSETCATALOG_COMPILER_GLOBAL_ACCENT_COLOR_NAME = AccentColor;
				CODE_SIGN_STYLE = Automatic;
				CURRENT_PROJECT_VERSION = 1;
				DEVELOPMENT_ASSET_PATHS = "\"SchwietzMessage/Preview Content\"";
				DEVELOPMENT_TEAM = Z93V4S588G;
				ENABLE_PREVIEWS = YES;
				GENERATE_INFOPLIST_FILE = YES;
				INFOPLIST_KEY_UIApplicationSceneManifest_Generation = YES;
				INFOPLIST_KEY_UIApplicationSupportsIndirectInputEvents = YES;
				INFOPLIST_KEY_UILaunchScreen_Generation = YES;
				INFOPLIST_KEY_UISupportedInterfaceOrientations_iPad = "UIInterfaceOrientationPortrait UIInterfaceOrientationPortraitUpsideDown UIInterfaceOrientationLandscapeLeft UIInterfaceOrientationLandscapeRight";
				INFOPLIST_KEY_UISupportedInterfaceOrientations_iPhone = "UIInterfaceOrientationPortrait UIInterfaceOrientationLandscapeLeft UIInterfaceOrientationLandscapeRight";
				IPHONEOS_DEPLOYMENT_TARGET = 16.0;
				LD_RUNPATH_SEARCH_PATHS = (
					"$(inherited)",
					"@executable_path/Frameworks",
				);
				MARKETING_VERSION = 1.0;
				PRODUCT_BUNDLE_IDENTIFIER = com.janpschwietzer.SchwietzMessage;
				PRODUCT_NAME = "$(TARGET_NAME)";
				SWIFT_EMIT_LOC_STRINGS = YES;
				SWIFT_VERSION = 5.0;
				TARGETED_DEVICE_FAMILY = "1,2";
			};
			name = Release;
		};
/* End XCBuildConfiguration section */

/* Begin XCConfigurationList section */
		4B5457982B0798020052BCEA /* Build configuration list for PBXProject "SchwietzMessage" */ = {
			isa = XCConfigurationList;
			buildConfigurations = (
				4B5457A92B0798040052BCEA /* Debug */,
				4B5457AA2B0798040052BCEA /* Release */,
			);
			defaultConfigurationIsVisible = 0;
			defaultConfigurationName = Release;
		};
		4B5457AB2B0798040052BCEA /* Build configuration list for PBXNativeTarget "SchwietzMessage" */ = {
			isa = XCConfigurationList;
			buildConfigurations = (
				4B5457AC2B0798040052BCEA /* Debug */,
				4B5457AD2B0798040052BCEA /* Release */,
			);
			defaultConfigurationIsVisible = 0;
			defaultConfigurationName = Release;
		};
/* End XCConfigurationList section */
	};
	rootObject = 4B5457952B0798020052BCEA /* Project object */;
}
